// !$*UTF8*$!
{
	archiveVersion = 1;
	classes = {
	};
	objectVersion = 46;
	objects = {

/* Begin PBXBuildFile section */
		3A02177C1D95A72100B8E13D /* PagesFlowLayout.swift in Sources */ = {isa = PBXBuildFile; fileRef = 3A02177B1D95A72100B8E13D /* PagesFlowLayout.swift */; };
		3A488CDC1D94E790002C3760 /* AppDelegate.swift in Sources */ = {isa = PBXBuildFile; fileRef = 3A488CDB1D94E790002C3760 /* AppDelegate.swift */; };
		3A488CDE1D94E790002C3760 /* ViewController.swift in Sources */ = {isa = PBXBuildFile; fileRef = 3A488CDD1D94E790002C3760 /* ViewController.swift */; };
		3A488CE11D94E790002C3760 /* Main.storyboard in Resources */ = {isa = PBXBuildFile; fileRef = 3A488CDF1D94E790002C3760 /* Main.storyboard */; };
		3A488CE31D94E790002C3760 /* Assets.xcassets in Resources */ = {isa = PBXBuildFile; fileRef = 3A488CE21D94E790002C3760 /* Assets.xcassets */; };
		3A488CE61D94E790002C3760 /* LaunchScreen.storyboard in Resources */ = {isa = PBXBuildFile; fileRef = 3A488CE41D94E790002C3760 /* LaunchScreen.storyboard */; };
		3AFA5F0B1D95673C00C9E3B2 /* PagesCollectionViewController.swift in Sources */ = {isa = PBXBuildFile; fileRef = 3AFA5F0A1D95673C00C9E3B2 /* PagesCollectionViewController.swift */; };
/* End PBXBuildFile section */

/* Begin PBXFileReference section */
		3A02177B1D95A72100B8E13D /* PagesFlowLayout.swift */ = {isa = PBXFileReference; fileEncoding = 4; lastKnownFileType = sourcecode.swift; path = PagesFlowLayout.swift; sourceTree = "<group>"; };
		3A488CD81D94E790002C3760 /* AnimationPlayground.app */ = {isa = PBXFileReference; explicitFileType = wrapper.application; includeInIndex = 0; path = AnimationPlayground.app; sourceTree = BUILT_PRODUCTS_DIR; };
		3A488CDB1D94E790002C3760 /* AppDelegate.swift */ = {isa = PBXFileReference; lastKnownFileType = sourcecode.swift; path = AppDelegate.swift; sourceTree = "<group>"; };
		3A488CDD1D94E790002C3760 /* ViewController.swift */ = {isa = PBXFileReference; lastKnownFileType = sourcecode.swift; path = ViewController.swift; sourceTree = "<group>"; };
		3A488CE01D94E790002C3760 /* Base */ = {isa = PBXFileReference; lastKnownFileType = file.storyboard; name = Base; path = Base.lproj/Main.storyboard; sourceTree = "<group>"; };
		3A488CE21D94E790002C3760 /* Assets.xcassets */ = {isa = PBXFileReference; lastKnownFileType = folder.assetcatalog; path = Assets.xcassets; sourceTree = "<group>"; };
		3A488CE51D94E790002C3760 /* Base */ = {isa = PBXFileReference; lastKnownFileType = file.storyboard; name = Base; path = Base.lproj/LaunchScreen.storyboard; sourceTree = "<group>"; };
		3A488CE71D94E790002C3760 /* Info.plist */ = {isa = PBXFileReference; lastKnownFileType = text.plist.xml; path = Info.plist; sourceTree = "<group>"; };
		3AFA5F0A1D95673C00C9E3B2 /* PagesCollectionViewController.swift */ = {isa = PBXFileReference; fileEncoding = 4; lastKnownFileType = sourcecode.swift; path = PagesCollectionViewController.swift; sourceTree = "<group>"; };
/* End PBXFileReference section */

/* Begin PBXFrameworksBuildPhase section */
		3A488CD51D94E790002C3760 /* Frameworks */ = {
			isa = PBXFrameworksBuildPhase;
			buildActionMask = 2147483647;
			files = (
			);
			runOnlyForDeploymentPostprocessing = 0;
		};
/* End PBXFrameworksBuildPhase section */

/* Begin PBXGroup section */
		3A488CCF1D94E790002C3760 = {
			isa = PBXGroup;
			children = (
				3A488CDA1D94E790002C3760 /* AnimationPlayground */,
				3A488CD91D94E790002C3760 /* Products */,
			);
			sourceTree = "<group>";
		};
		3A488CD91D94E790002C3760 /* Products */ = {
			isa = PBXGroup;
			children = (
				3A488CD81D94E790002C3760 /* AnimationPlayground.app */,
			);
			name = Products;
			sourceTree = "<group>";
		};
		3A488CDA1D94E790002C3760 /* AnimationPlayground */ = {
			isa = PBXGroup;
			children = (
				3AFA5F091D95670E00C9E3B2 /* Pages */,
				3A488CDB1D94E790002C3760 /* AppDelegate.swift */,
				3A488CDD1D94E790002C3760 /* ViewController.swift */,
				3A488CDF1D94E790002C3760 /* Main.storyboard */,
				3A488CE21D94E790002C3760 /* Assets.xcassets */,
				3A488CE41D94E790002C3760 /* LaunchScreen.storyboard */,
				3A488CE71D94E790002C3760 /* Info.plist */,
			);
			path = AnimationPlayground;
			sourceTree = "<group>";
		};
		3AFA5F091D95670E00C9E3B2 /* Pages */ = {
			isa = PBXGroup;
			children = (
				3AFA5F0A1D95673C00C9E3B2 /* PagesCollectionViewController.swift */,
				3A02177B1D95A72100B8E13D /* PagesFlowLayout.swift */,
			);
			name = Pages;
			sourceTree = "<group>";
		};
/* End PBXGroup section */

/* Begin PBXNativeTarget section */
		3A488CD71D94E790002C3760 /* AnimationPlayground */ = {
			isa = PBXNativeTarget;
			buildConfigurationList = 3A488CEA1D94E790002C3760 /* Build configuration list for PBXNativeTarget "AnimationPlayground" */;
			buildPhases = (
				3A488CD41D94E790002C3760 /* Sources */,
				3A488CD51D94E790002C3760 /* Frameworks */,
				3A488CD61D94E790002C3760 /* Resources */,
			);
			buildRules = (
			);
			dependencies = (
			);
			name = AnimationPlayground;
			productName = AnimationPlayground;
			productReference = 3A488CD81D94E790002C3760 /* AnimationPlayground.app */;
			productType = "com.apple.product-type.application";
		};
/* End PBXNativeTarget section */

/* Begin PBXProject section */
		3A488CD01D94E790002C3760 /* Project object */ = {
			isa = PBXProject;
			attributes = {
				LastSwiftUpdateCheck = 0800;
				LastUpgradeCheck = 0800;
				ORGANIZATIONNAME = "Adrian Hernandez";
				TargetAttributes = {
					3A488CD71D94E790002C3760 = {
						CreatedOnToolsVersion = 8.0;
						ProvisioningStyle = Manual;
					};
				};
			};
			buildConfigurationList = 3A488CD31D94E790002C3760 /* Build configuration list for PBXProject "AnimationPlayground" */;
			compatibilityVersion = "Xcode 3.2";
			developmentRegion = English;
			hasScannedForEncodings = 0;
			knownRegions = (
				en,
				Base,
			);
			mainGroup = 3A488CCF1D94E790002C3760;
			productRefGroup = 3A488CD91D94E790002C3760 /* Products */;
			projectDirPath = "";
			projectRoot = "";
			targets = (
				3A488CD71D94E790002C3760 /* AnimationPlayground */,
			);
		};
/* End PBXProject section */

/* Begin PBXResourcesBuildPhase section */
		3A488CD61D94E790002C3760 /* Resources */ = {
			isa = PBXResourcesBuildPhase;
			buildActionMask = 2147483647;
			files = (
				3A488CE61D94E790002C3760 /* LaunchScreen.storyboard in Resources */,
				3A488CE31D94E790002C3760 /* Assets.xcassets in Resources */,
				3A488CE11D94E790002C3760 /* Main.storyboard in Resources */,
			);
			runOnlyForDeploymentPostprocessing = 0;
		};
/* End PBXResourcesBuildPhase section */

/* Begin PBXSourcesBuildPhase section */
		3A488CD41D94E790002C3760 /* Sources */ = {
			isa = PBXSourcesBuildPhase;
			buildActionMask = 2147483647;
			files = (
				3AFA5F0B1D95673C00C9E3B2 /* PagesCollectionViewController.swift in Sources */,
				3A488CDE1D94E790002C3760 /* ViewController.swift in Sources */,
				3A02177C1D95A72100B8E13D /* PagesFlowLayout.swift in Sources */,
				3A488CDC1D94E790002C3760 /* AppDelegate.swift in Sources */,
			);
			runOnlyForDeploymentPostprocessing = 0;
		};
/* End PBXSourcesBuildPhase section */

/* Begin PBXVariantGroup section */
		3A488CDF1D94E790002C3760 /* Main.storyboard */ = {
			isa = PBXVariantGroup;
			children = (
				3A488CE01D94E790002C3760 /* Base */,
			);
			name = Main.storyboard;
			sourceTree = "<group>";
		};
		3A488CE41D94E790002C3760 /* LaunchScreen.storyboard */ = {
			isa = PBXVariantGroup;
			children = (
				3A488CE51D94E790002C3760 /* Base */,
			);
			name = LaunchScreen.storyboard;
			sourceTree = "<group>";
		};
/* End PBXVariantGroup section */

/* Begin XCBuildConfiguration section */
		3A488CE81D94E790002C3760 /* Debug */ = {
			isa = XCBuildConfiguration;
			buildSettings = {
				ALWAYS_SEARCH_USER_PATHS = NO;
				CLANG_ANALYZER_NONNULL = YES;
				CLANG_CXX_LANGUAGE_STANDARD = "gnu++0x";
				CLANG_CXX_LIBRARY = "libc++";
				CLANG_ENABLE_MODULES = YES;
				CLANG_ENABLE_OBJC_ARC = YES;
				CLANG_WARN_BOOL_CONVERSION = YES;
				CLANG_WARN_CONSTANT_CONVERSION = YES;
				CLANG_WARN_DIRECT_OBJC_ISA_USAGE = YES_ERROR;
				CLANG_WARN_DOCUMENTATION_COMMENTS = YES;
				CLANG_WARN_EMPTY_BODY = YES;
				CLANG_WARN_ENUM_CONVERSION = YES;
				CLANG_WARN_INFINITE_RECURSION = YES;
				CLANG_WARN_INT_CONVERSION = YES;
				CLANG_WARN_OBJC_ROOT_CLASS = YES_ERROR;
				CLANG_WARN_SUSPICIOUS_MOVES = YES;
				CLANG_WARN_UNREACHABLE_CODE = YES;
				CLANG_WARN__DUPLICATE_METHOD_MATCH = YES;
				"CODE_SIGN_IDENTITY[sdk=iphoneos*]" = "iPhone Developer";
				COPY_PHASE_STRIP = NO;
				DEBUG_INFORMATION_FORMAT = dwarf;
				ENABLE_STRICT_OBJC_MSGSEND = YES;
				ENABLE_TESTABILITY = YES;
				GCC_C_LANGUAGE_STANDARD = gnu99;
				GCC_DYNAMIC_NO_PIC = NO;
				GCC_NO_COMMON_BLOCKS = YES;
				GCC_OPTIMIZATION_LEVEL = 0;
				GCC_PREPROCESSOR_DEFINITIONS = (
					"DEBUG=1",
					"$(inherited)",
				);
				GCC_WARN_64_TO_32_BIT_CONVERSION = YES;
				GCC_WARN_ABOUT_RETURN_TYPE = YES_ERROR;
				GCC_WARN_UNDECLARED_SELECTOR = YES;
				GCC_WARN_UNINITIALIZED_AUTOS = YES_AGGRESSIVE;
				GCC_WARN_UNUSED_FUNCTION = YES;
				GCC_WARN_UNUSED_VARIABLE = YES;
				IPHONEOS_DEPLOYMENT_TARGET = 10.0;
				MTL_ENABLE_DEBUG_INFO = YES;
				ONLY_ACTIVE_ARCH = YES;
				SDKROOT = iphoneos;
				SWIFT_ACTIVE_COMPILATION_CONDITIONS = DEBUG;
				SWIFT_OPTIMIZATION_LEVEL = "-Onone";
			};
			name = Debug;
		};
		3A488CE91D94E790002C3760 /* Release */ = {
			isa = XCBuildConfiguration;
			buildSettings = {
				ALWAYS_SEARCH_USER_PATHS = NO;
				CLANG_ANALYZER_NONNULL = YES;
				CLANG_CXX_LANGUAGE_STANDARD = "gnu++0x";
				CLANG_CXX_LIBRARY = "libc++";
				CLANG_ENABLE_MODULES = YES;
				CLANG_ENABLE_OBJC_ARC = YES;
				CLANG_WARN_BOOL_CONVERSION = YES;
				CLANG_WARN_CONSTANT_CONVERSION = YES;
				CLANG_WARN_DIRECT_OBJC_ISA_USAGE = YES_ERROR;
				CLANG_WARN_DOCUMENTATION_COMMENTS = YES;
				CLANG_WARN_EMPTY_BODY = YES;
				CLANG_WARN_ENUM_CONVERSION = YES;
				CLANG_WARN_INFINITE_RECURSION = YES;
				CLANG_WARN_INT_CONVERSION = YES;
				CLANG_WARN_OBJC_ROOT_CLASS = YES_ERROR;
				CLANG_WARN_SUSPICIOUS_MOVES = YES;
				CLANG_WARN_UNREACHABLE_CODE = YES;
				CLANG_WARN__DUPLICATE_METHOD_MATCH = YES;
				"CODE_SIGN_IDENTITY[sdk=iphoneos*]" = "iPhone Developer";
				COPY_PHASE_STRIP = NO;
				DEBUG_INFORMATION_FORMAT = "dwarf-with-dsym";
				ENABLE_NS_ASSERTIONS = NO;
				ENABLE_STRICT_OBJC_MSGSEND = YES;
				GCC_C_LANGUAGE_STANDARD = gnu99;
				GCC_NO_COMMON_BLOCKS = YES;
				GCC_WARN_64_TO_32_BIT_CONVERSION = YES;
				GCC_WARN_ABOUT_RETURN_TYPE = YES_ERROR;
				GCC_WARN_UNDECLARED_SELECTOR = YES;
				GCC_WARN_UNINITIALIZED_AUTOS = YES_AGGRESSIVE;
				GCC_WARN_UNUSED_FUNCTION = YES;
				GCC_WARN_UNUSED_VARIABLE = YES;
				IPHONEOS_DEPLOYMENT_TARGET = 10.0;
				MTL_ENABLE_DEBUG_INFO = NO;
				SDKROOT = iphoneos;
				SWIFT_OPTIMIZATION_LEVEL = "-Owholemodule";
				VALIDATE_PRODUCT = YES;
			};
			name = Release;
		};
		3A488CEB1D94E790002C3760 /* Debug */ = {
			isa = XCBuildConfiguration;
			buildSettings = {
				ASSETCATALOG_COMPILER_APPICON_NAME = AppIcon;
				DEVELOPMENT_TEAM = "";
				INFOPLIST_FILE = AnimationPlayground/Info.plist;
				LD_RUNPATH_SEARCH_PATHS = "$(inherited) @executable_path/Frameworks";
				PRODUCT_BUNDLE_IDENTIFIER = home.AnimationPlayground;
				PRODUCT_NAME = "$(TARGET_NAME)";
				SWIFT_VERSION = 3.0;
			};
			name = Debug;
		};
		3A488CEC1D94E790002C3760 /* Release */ = {
			isa = XCBuildConfiguration;
			buildSettings = {
				ASSETCATALOG_COMPILER_APPICON_NAME = AppIcon;
				DEVELOPMENT_TEAM = "";
				INFOPLIST_FILE = AnimationPlayground/Info.plist;
				LD_RUNPATH_SEARCH_PATHS = "$(inherited) @executable_path/Frameworks";
				PRODUCT_BUNDLE_IDENTIFIER = home.AnimationPlayground;
				PRODUCT_NAME = "$(TARGET_NAME)";
				SWIFT_VERSION = 3.0;
			};
			name = Release;
		};
/* End XCBuildConfiguration section */

/* Begin XCConfigurationList section */
		3A488CD31D94E790002C3760 /* Build configuration list for PBXProject "AnimationPlayground" */ = {
			isa = XCConfigurationList;
			buildConfigurations = (
				3A488CE81D94E790002C3760 /* Debug */,
				3A488CE91D94E790002C3760 /* Release */,
			);
			defaultConfigurationIsVisible = 0;
			defaultConfigurationName = Release;
		};
		3A488CEA1D94E790002C3760 /* Build configuration list for PBXNativeTarget "AnimationPlayground" */ = {
			isa = XCConfigurationList;
			buildConfigurations = (
				3A488CEB1D94E790002C3760 /* Debug */,
				3A488CEC1D94E790002C3760 /* Release */,
			);
			defaultConfigurationIsVisible = 0;
			defaultConfigurationName = Release;
		};
/* End XCConfigurationList section */
	};
	rootObject = 3A488CD01D94E790002C3760 /* Project object */;
}
